
Microsoft Visual Studio Solution File, Format Version 12.00
# Visual Studio Version 17
VisualStudioVersion = 17.7.34009.444
MinimumVisualStudioVersion = 10.0.40219.1
Project("{FAE04EC0-301F-11D3-BF4B-00C04F79EFBC}") = "10_PrimeiraUltimaFruta", "10_PrimeiraUltimaFruta.csproj", "{B0682FB3-1BD9-48BC-9324-324737E60A68}"
EndProject
Global
	GlobalSection(SolutionConfigurationPlatforms) = preSolution
		Debug|Any CPU = Debug|Any CPU
		Release|Any CPU = Release|Any CPU
	EndGlobalSection
	GlobalSection(ProjectConfigurationPlatforms) = postSolution
		{B0682FB3-1BD9-48BC-9324-324737E60A68}.Debug|Any CPU.ActiveCfg = Debug|Any CPU
		{B0682FB3-1BD9-48BC-9324-324737E60A68}.Debug|Any CPU.Build.0 = Debug|Any CPU
		{B0682FB3-1BD9-48BC-9324-324737E60A68}.Release|Any CPU.ActiveCfg = Release|Any CPU
		{B0682FB3-1BD9-48BC-9324-324737E60A68}.Release|Any CPU.Build.0 = Release|Any CPU
	EndGlobalSection
	GlobalSection(SolutionProperties) = preSolution
		HideSolutionNode = FALSE
	EndGlobalSection
	GlobalSection(ExtensibilityGlobals) = postSolution
		SolutionGuid = {76660BAB-20A3-4645-AFD6-BFBB08B16CC7}
	EndGlobalSection
EndGlobal
