
Microsoft Visual Studio Solution File, Format Version 12.00
# Visual Studio Version 17
VisualStudioVersion = 17.7.34009.444
MinimumVisualStudioVersion = 10.0.40219.1
Project("{FAE04EC0-301F-11D3-BF4B-00C04F79EFBC}") = "6_NumerosDigitados", "6_NumerosDigitados.csproj", "{5067E501-386E-453F-AAF4-C1234C9596B3}"
EndProject
Global
	GlobalSection(SolutionConfigurationPlatforms) = preSolution
		Debug|Any CPU = Debug|Any CPU
		Release|Any CPU = Release|Any CPU
	EndGlobalSection
	GlobalSection(ProjectConfigurationPlatforms) = postSolution
		{5067E501-386E-453F-AAF4-C1234C9596B3}.Debug|Any CPU.ActiveCfg = Debug|Any CPU
		{5067E501-386E-453F-AAF4-C1234C9596B3}.Debug|Any CPU.Build.0 = Debug|Any CPU
		{5067E501-386E-453F-AAF4-C1234C9596B3}.Release|Any CPU.ActiveCfg = Release|Any CPU
		{5067E501-386E-453F-AAF4-C1234C9596B3}.Release|Any CPU.Build.0 = Release|Any CPU
	EndGlobalSection
	GlobalSection(SolutionProperties) = preSolution
		HideSolutionNode = FALSE
	EndGlobalSection
	GlobalSection(ExtensibilityGlobals) = postSolution
		SolutionGuid = {AAC34B89-D661-4334-9FC8-272BAF92DC67}
	EndGlobalSection
EndGlobal
