
Microsoft Visual Studio Solution File, Format Version 12.00
# Visual Studio Version 17
VisualStudioVersion = 17.7.34009.444
MinimumVisualStudioVersion = 10.0.40219.1
Project("{FAE04EC0-301F-11D3-BF4B-00C04F79EFBC}") = "5_Fatorial", "5_Fatorial.csproj", "{59BE0090-49B9-42F0-9C8F-778E7488A9A5}"
EndProject
Global
	GlobalSection(SolutionConfigurationPlatforms) = preSolution
		Debug|Any CPU = Debug|Any CPU
		Release|Any CPU = Release|Any CPU
	EndGlobalSection
	GlobalSection(ProjectConfigurationPlatforms) = postSolution
		{59BE0090-49B9-42F0-9C8F-778E7488A9A5}.Debug|Any CPU.ActiveCfg = Debug|Any CPU
		{59BE0090-49B9-42F0-9C8F-778E7488A9A5}.Debug|Any CPU.Build.0 = Debug|Any CPU
		{59BE0090-49B9-42F0-9C8F-778E7488A9A5}.Release|Any CPU.ActiveCfg = Release|Any CPU
		{59BE0090-49B9-42F0-9C8F-778E7488A9A5}.Release|Any CPU.Build.0 = Release|Any CPU
	EndGlobalSection
	GlobalSection(SolutionProperties) = preSolution
		HideSolutionNode = FALSE
	EndGlobalSection
	GlobalSection(ExtensibilityGlobals) = postSolution
		SolutionGuid = {EFF49E55-9378-4933-B557-C8C1A453A2EF}
	EndGlobalSection
EndGlobal
