
Microsoft Visual Studio Solution File, Format Version 12.00
# Visual Studio Version 17
VisualStudioVersion = 17.7.34009.444
MinimumVisualStudioVersion = 10.0.40219.1
Project("{FAE04EC0-301F-11D3-BF4B-00C04F79EFBC}") = "4_JogoAdivinhacao", "4_JogoAdivinhacao.csproj", "{ED7BA5B1-A5F6-45CC-83A1-D39CE00B8202}"
EndProject
Global
	GlobalSection(SolutionConfigurationPlatforms) = preSolution
		Debug|Any CPU = Debug|Any CPU
		Release|Any CPU = Release|Any CPU
	EndGlobalSection
	GlobalSection(ProjectConfigurationPlatforms) = postSolution
		{ED7BA5B1-A5F6-45CC-83A1-D39CE00B8202}.Debug|Any CPU.ActiveCfg = Debug|Any CPU
		{ED7BA5B1-A5F6-45CC-83A1-D39CE00B8202}.Debug|Any CPU.Build.0 = Debug|Any CPU
		{ED7BA5B1-A5F6-45CC-83A1-D39CE00B8202}.Release|Any CPU.ActiveCfg = Release|Any CPU
		{ED7BA5B1-A5F6-45CC-83A1-D39CE00B8202}.Release|Any CPU.Build.0 = Release|Any CPU
	EndGlobalSection
	GlobalSection(SolutionProperties) = preSolution
		HideSolutionNode = FALSE
	EndGlobalSection
	GlobalSection(ExtensibilityGlobals) = postSolution
		SolutionGuid = {D2D4EA4F-DE6C-4FEE-9A6E-D0628BD6DFF8}
	EndGlobalSection
EndGlobal
